Microsoft Visual Studio Solution File, Format Version 12.00
# Visual Studio Version 17
VisualStudioVersion = 17.5.2.0
MinimumVisualStudioVersion = 10.0.40219.1
Project("{FAE04EC0-301F-11D3-BF4B-00C04F79EFBC}") = "CoinCollectGame", "CoinCollectGame.csproj", "{B9895D42-E80F-8DA4-F1F4-D3F621F44BFE}"
EndProject
Global
	GlobalSection(SolutionConfigurationPlatforms) = preSolution
		Debug|Any CPU = Debug|Any CPU
		Release|Any CPU = Release|Any CPU
	EndGlobalSection
	GlobalSection(ProjectConfigurationPlatforms) = postSolution
		{B9895D42-E80F-8DA4-F1F4-D3F621F44BFE}.Debug|Any CPU.ActiveCfg = Debug|Any CPU
		{B9895D42-E80F-8DA4-F1F4-D3F621F44BFE}.Debug|Any CPU.Build.0 = Debug|Any CPU
		{B9895D42-E80F-8DA4-F1F4-D3F621F44BFE}.Release|Any CPU.ActiveCfg = Release|Any CPU
		{B9895D42-E80F-8DA4-F1F4-D3F621F44BFE}.Release|Any CPU.Build.0 = Release|Any CPU
	EndGlobalSection
	GlobalSection(SolutionProperties) = preSolution
		HideSolutionNode = FALSE
	EndGlobalSection
	GlobalSection(ExtensibilityGlobals) = postSolution
		SolutionGuid = {6A42C5E1-7E73-4FA7-971C-5E0540E3F170}
	EndGlobalSection
EndGlobal
